
Microsoft Visual Studio Solution File, Format Version 12.00
# Visual Studio Version 17
VisualStudioVersion = 17.13.35919.96 d17.13
MinimumVisualStudioVersion = 10.0.40219.1
Project("{FAE04EC0-301F-11D3-BF4B-00C04F79EFBC}") = "Lab5-6", "Lab5-6\Lab5-6.csproj", "{03EE1C3B-012A-46A1-A5D4-512DF5749FC0}"
EndProject
Global
	GlobalSection(SolutionConfigurationPlatforms) = preSolution
		Debug|Any CPU = Debug|Any CPU
		Release|Any CPU = Release|Any CPU
	EndGlobalSection
	GlobalSection(ProjectConfigurationPlatforms) = postSolution
		{03EE1C3B-012A-46A1-A5D4-512DF5749FC0}.Debug|Any CPU.ActiveCfg = Debug|Any CPU
		{03EE1C3B-012A-46A1-A5D4-512DF5749FC0}.Debug|Any CPU.Build.0 = Debug|Any CPU
		{03EE1C3B-012A-46A1-A5D4-512DF5749FC0}.Release|Any CPU.ActiveCfg = Release|Any CPU
		{03EE1C3B-012A-46A1-A5D4-512DF5749FC0}.Release|Any CPU.Build.0 = Release|Any CPU
	EndGlobalSection
	GlobalSection(SolutionProperties) = preSolution
		HideSolutionNode = FALSE
	EndGlobalSection
	GlobalSection(ExtensibilityGlobals) = postSolution
		SolutionGuid = {B303E3ED-50E2-473A-A540-483BE807EF9F}
	EndGlobalSection
EndGlobal
